
Microsoft Visual Studio Solution File, Format Version 12.00
# Visual Studio Version 17
VisualStudioVersion = 17.4.33205.214
MinimumVisualStudioVersion = 10.0.40219.1
Project("{FAE04EC0-301F-11D3-BF4B-00C04F79EFBC}") = "SupermarketManagement", "SupermarketManagement\SupermarketManagement.csproj", "{A85B9D17-9D3D-48CF-BB7F-8A635EBB9A2B}"
EndProject
Project("{54435603-DBB4-11D2-8724-00A0C9A8B90C}") = "Circle K", "Circle K\Circle K.vdproj", "{DA069A8F-3FE3-4F20-88DC-0092F700E350}"
EndProject
Global
	GlobalSection(SolutionConfigurationPlatforms) = preSolution
		Debug|Any CPU = Debug|Any CPU
		Release|Any CPU = Release|Any CPU
	EndGlobalSection
	GlobalSection(ProjectConfigurationPlatforms) = postSolution
		{A85B9D17-9D3D-48CF-BB7F-8A635EBB9A2B}.Debug|Any CPU.ActiveCfg = Debug|Any CPU
		{A85B9D17-9D3D-48CF-BB7F-8A635EBB9A2B}.Debug|Any CPU.Build.0 = Debug|Any CPU
		{A85B9D17-9D3D-48CF-BB7F-8A635EBB9A2B}.Release|Any CPU.ActiveCfg = Release|Any CPU
		{A85B9D17-9D3D-48CF-BB7F-8A635EBB9A2B}.Release|Any CPU.Build.0 = Release|Any CPU
		{DA069A8F-3FE3-4F20-88DC-0092F700E350}.Debug|Any CPU.ActiveCfg = Debug
		{DA069A8F-3FE3-4F20-88DC-0092F700E350}.Release|Any CPU.ActiveCfg = Release
	EndGlobalSection
	GlobalSection(SolutionProperties) = preSolution
		HideSolutionNode = FALSE
	EndGlobalSection
	GlobalSection(ExtensibilityGlobals) = postSolution
		SolutionGuid = {E476C4AD-AC46-46E6-B1AC-54EA2B8D36CF}
	EndGlobalSection
EndGlobal
